
Microsoft Visual Studio Solution File, Format Version 12.00
# Visual Studio Version 17
VisualStudioVersion = 17.0.31903.59
MinimumVisualStudioVersion = 10.0.40219.1
Project("{FAE04EC0-301F-11D3-BF4B-00C04F79EFBC}") = "Space", "Space\Space.csproj", "{A6311E7B-ECF4-4F0E-AD18-3165EA1E5CF5}"
EndProject
Global
	GlobalSection(SolutionConfigurationPlatforms) = preSolution
		Debug|Any CPU = Debug|Any CPU
		Release|Any CPU = Release|Any CPU
	EndGlobalSection
	GlobalSection(ProjectConfigurationPlatforms) = postSolution
		{A6311E7B-ECF4-4F0E-AD18-3165EA1E5CF5}.Debug|Any CPU.ActiveCfg = Debug|Any CPU
		{A6311E7B-ECF4-4F0E-AD18-3165EA1E5CF5}.Debug|Any CPU.Build.0 = Debug|Any CPU
		{A6311E7B-ECF4-4F0E-AD18-3165EA1E5CF5}.Release|Any CPU.ActiveCfg = Release|Any CPU
		{A6311E7B-ECF4-4F0E-AD18-3165EA1E5CF5}.Release|Any CPU.Build.0 = Release|Any CPU
	EndGlobalSection
	GlobalSection(SolutionProperties) = preSolution
		HideSolutionNode = FALSE
	EndGlobalSection
	GlobalSection(ExtensibilityGlobals) = postSolution
		SolutionGuid = {3840201E-D3AB-4EDE-86DF-8ADC24410D1F}
	EndGlobalSection
EndGlobal
